
Microsoft Visual Studio Solution File, Format Version 12.00
Project("{FAE04EC0-301F-11D3-BF4B-00C04F79EFBC}") = "LocalPersistenceApi", "LocalPersistenceApi\LocalPersistenceApi.csproj", "{78A9EC96-0ED4-4B3A-A53F-332A2992B485}"
EndProject
Global
	GlobalSection(SolutionConfigurationPlatforms) = preSolution
		Debug|Any CPU = Debug|Any CPU
		Release|Any CPU = Release|Any CPU
	EndGlobalSection
	GlobalSection(ProjectConfigurationPlatforms) = postSolution
		{78A9EC96-0ED4-4B3A-A53F-332A2992B485}.Debug|Any CPU.ActiveCfg = Debug|Any CPU
		{78A9EC96-0ED4-4B3A-A53F-332A2992B485}.Debug|Any CPU.Build.0 = Debug|Any CPU
		{78A9EC96-0ED4-4B3A-A53F-332A2992B485}.Release|Any CPU.ActiveCfg = Release|Any CPU
		{78A9EC96-0ED4-4B3A-A53F-332A2992B485}.Release|Any CPU.Build.0 = Release|Any CPU
	EndGlobalSection
EndGlobal
